
Microsoft Visual Studio Solution File, Format Version 12.00
# Visual Studio Version 17
VisualStudioVersion = 17.10.35027.167
MinimumVisualStudioVersion = 10.0.40219.1
Project("{9A19103F-16F7-4668-BE54-9A1E7A4F7556}") = "DesktopTimer", "DesktopTimer.csproj", "{3AC7354D-FBE4-4E66-A19C-E6AD1FBAADA9}"
EndProject
Project("{2150E333-8FDC-42A3-9474-1A3956D46DE8}") = "WPFUI", "WPFUI", "{1B2D09B6-557E-4518-83F4-47806D6CD13F}"
EndProject
Project("{9A19103F-16F7-4668-BE54-9A1E7A4F7556}") = "Wpf.Ui", "ThirdParty\Src\WPFUI\src\Wpf.Ui\Wpf.Ui.csproj", "{9226E575-2E9D-4388-A091-1FAA48587A40}"
EndProject
Project("{9A19103F-16F7-4668-BE54-9A1E7A4F7556}") = "Wpf.Ui.Abstractions", "ThirdParty\Src\WPFUI\src\Wpf.Ui.Abstractions\Wpf.Ui.Abstractions.csproj", "{109827EC-9271-403D-B69A-1A50E4995F6C}"
EndProject
Project("{9A19103F-16F7-4668-BE54-9A1E7A4F7556}") = "Wpf.Ui.DependencyInjection", "ThirdParty\Src\WPFUI\src\Wpf.Ui.DependencyInjection\Wpf.Ui.DependencyInjection.csproj", "{674BF9B5-389E-43D1-8013-D5E04292E010}"
EndProject
Project("{9A19103F-16F7-4668-BE54-9A1E7A4F7556}") = "Wpf.Ui.SyntaxHighlight", "ThirdParty\Src\WPFUI\src\Wpf.Ui.SyntaxHighlight\Wpf.Ui.SyntaxHighlight.csproj", "{28D0CCD9-17C9-4320-A201-BE09FF7FA1FF}"
EndProject
Project("{9A19103F-16F7-4668-BE54-9A1E7A4F7556}") = "Wpf.Ui.ToastNotifications", "ThirdParty\Src\WPFUI\src\Wpf.Ui.ToastNotifications\Wpf.Ui.ToastNotifications.csproj", "{42E5ADFA-9053-4B74-8389-C27B02D86F75}"
EndProject
Project("{9A19103F-16F7-4668-BE54-9A1E7A4F7556}") = "Wpf.Ui.Tray", "ThirdParty\Src\WPFUI\src\Wpf.Ui.Tray\Wpf.Ui.Tray.csproj", "{891098C2-8832-4386-A6F6-319A5FD3C913}"
EndProject
Global
	GlobalSection(SolutionConfigurationPlatforms) = preSolution
		Debug|Any CPU = Debug|Any CPU
		Debug|ARM = Debug|ARM
		Debug|ARM64 = Debug|ARM64
		Debug|x64 = Debug|x64
		Debug|x86 = Debug|x86
		Release|Any CPU = Release|Any CPU
		Release|ARM = Release|ARM
		Release|ARM64 = Release|ARM64
		Release|x64 = Release|x64
		Release|x86 = Release|x86
	EndGlobalSection
	GlobalSection(ProjectConfigurationPlatforms) = postSolution
		{3AC7354D-FBE4-4E66-A19C-E6AD1FBAADA9}.Debug|Any CPU.ActiveCfg = Debug|Any CPU
		{3AC7354D-FBE4-4E66-A19C-E6AD1FBAADA9}.Debug|Any CPU.Build.0 = Debug|Any CPU
		{3AC7354D-FBE4-4E66-A19C-E6AD1FBAADA9}.Debug|ARM.ActiveCfg = Debug|Any CPU
		{3AC7354D-FBE4-4E66-A19C-E6AD1FBAADA9}.Debug|ARM.Build.0 = Debug|Any CPU
		{3AC7354D-FBE4-4E66-A19C-E6AD1FBAADA9}.Debug|ARM64.ActiveCfg = Debug|Any CPU
		{3AC7354D-FBE4-4E66-A19C-E6AD1FBAADA9}.Debug|ARM64.Build.0 = Debug|Any CPU
		{3AC7354D-FBE4-4E66-A19C-E6AD1FBAADA9}.Debug|x64.ActiveCfg = Debug|x64
		{3AC7354D-FBE4-4E66-A19C-E6AD1FBAADA9}.Debug|x64.Build.0 = Debug|x64
		{3AC7354D-FBE4-4E66-A19C-E6AD1FBAADA9}.Debug|x86.ActiveCfg = Debug|Any CPU
		{3AC7354D-FBE4-4E66-A19C-E6AD1FBAADA9}.Debug|x86.Build.0 = Debug|Any CPU
		{3AC7354D-FBE4-4E66-A19C-E6AD1FBAADA9}.Release|Any CPU.ActiveCfg = Release|Any CPU
		{3AC7354D-FBE4-4E66-A19C-E6AD1FBAADA9}.Release|Any CPU.Build.0 = Release|Any CPU
		{3AC7354D-FBE4-4E66-A19C-E6AD1FBAADA9}.Release|ARM.ActiveCfg = Release|Any CPU
		{3AC7354D-FBE4-4E66-A19C-E6AD1FBAADA9}.Release|ARM.Build.0 = Release|Any CPU
		{3AC7354D-FBE4-4E66-A19C-E6AD1FBAADA9}.Release|ARM64.ActiveCfg = Release|Any CPU
		{3AC7354D-FBE4-4E66-A19C-E6AD1FBAADA9}.Release|ARM64.Build.0 = Release|Any CPU
		{3AC7354D-FBE4-4E66-A19C-E6AD1FBAADA9}.Release|x64.ActiveCfg = Release|x64
		{3AC7354D-FBE4-4E66-A19C-E6AD1FBAADA9}.Release|x64.Build.0 = Release|x64
		{3AC7354D-FBE4-4E66-A19C-E6AD1FBAADA9}.Release|x86.ActiveCfg = Release|Any CPU
		{3AC7354D-FBE4-4E66-A19C-E6AD1FBAADA9}.Release|x86.Build.0 = Release|Any CPU
		{9226E575-2E9D-4388-A091-1FAA48587A40}.Debug|Any CPU.ActiveCfg = Debug|Any CPU
		{9226E575-2E9D-4388-A091-1FAA48587A40}.Debug|Any CPU.Build.0 = Debug|Any CPU
		{9226E575-2E9D-4388-A091-1FAA48587A40}.Debug|ARM.ActiveCfg = Debug|Any CPU
		{9226E575-2E9D-4388-A091-1FAA48587A40}.Debug|ARM.Build.0 = Debug|Any CPU
		{9226E575-2E9D-4388-A091-1FAA48587A40}.Debug|ARM64.ActiveCfg = Debug|Any CPU
		{9226E575-2E9D-4388-A091-1FAA48587A40}.Debug|ARM64.Build.0 = Debug|Any CPU
		{9226E575-2E9D-4388-A091-1FAA48587A40}.Debug|x64.ActiveCfg = Debug|Any CPU
		{9226E575-2E9D-4388-A091-1FAA48587A40}.Debug|x64.Build.0 = Debug|Any CPU
		{9226E575-2E9D-4388-A091-1FAA48587A40}.Debug|x86.ActiveCfg = Debug|Any CPU
		{9226E575-2E9D-4388-A091-1FAA48587A40}.Debug|x86.Build.0 = Debug|Any CPU
		{9226E575-2E9D-4388-A091-1FAA48587A40}.Release|Any CPU.ActiveCfg = Release|Any CPU
		{9226E575-2E9D-4388-A091-1FAA48587A40}.Release|Any CPU.Build.0 = Release|Any CPU
		{9226E575-2E9D-4388-A091-1FAA48587A40}.Release|ARM.ActiveCfg = Release|Any CPU
		{9226E575-2E9D-4388-A091-1FAA48587A40}.Release|ARM.Build.0 = Release|Any CPU
		{9226E575-2E9D-4388-A091-1FAA48587A40}.Release|ARM64.ActiveCfg = Release|Any CPU
		{9226E575-2E9D-4388-A091-1FAA48587A40}.Release|ARM64.Build.0 = Release|Any CPU
		{9226E575-2E9D-4388-A091-1FAA48587A40}.Release|x64.ActiveCfg = Release|Any CPU
		{9226E575-2E9D-4388-A091-1FAA48587A40}.Release|x64.Build.0 = Release|Any CPU
		{9226E575-2E9D-4388-A091-1FAA48587A40}.Release|x86.ActiveCfg = Release|Any CPU
		{9226E575-2E9D-4388-A091-1FAA48587A40}.Release|x86.Build.0 = Release|Any CPU
		{109827EC-9271-403D-B69A-1A50E4995F6C}.Debug|Any CPU.ActiveCfg = Debug|Any CPU
		{109827EC-9271-403D-B69A-1A50E4995F6C}.Debug|Any CPU.Build.0 = Debug|Any CPU
		{109827EC-9271-403D-B69A-1A50E4995F6C}.Debug|ARM.ActiveCfg = Debug|Any CPU
		{109827EC-9271-403D-B69A-1A50E4995F6C}.Debug|ARM.Build.0 = Debug|Any CPU
		{109827EC-9271-403D-B69A-1A50E4995F6C}.Debug|ARM64.ActiveCfg = Debug|Any CPU
		{109827EC-9271-403D-B69A-1A50E4995F6C}.Debug|ARM64.Build.0 = Debug|Any CPU
		{109827EC-9271-403D-B69A-1A50E4995F6C}.Debug|x64.ActiveCfg = Debug|Any CPU
		{109827EC-9271-403D-B69A-1A50E4995F6C}.Debug|x64.Build.0 = Debug|Any CPU
		{109827EC-9271-403D-B69A-1A50E4995F6C}.Debug|x86.ActiveCfg = Debug|Any CPU
		{109827EC-9271-403D-B69A-1A50E4995F6C}.Debug|x86.Build.0 = Debug|Any CPU
		{109827EC-9271-403D-B69A-1A50E4995F6C}.Release|Any CPU.ActiveCfg = Release|Any CPU
		{109827EC-9271-403D-B69A-1A50E4995F6C}.Release|Any CPU.Build.0 = Release|Any CPU
		{109827EC-9271-403D-B69A-1A50E4995F6C}.Release|ARM.ActiveCfg = Release|Any CPU
		{109827EC-9271-403D-B69A-1A50E4995F6C}.Release|ARM.Build.0 = Release|Any CPU
		{109827EC-9271-403D-B69A-1A50E4995F6C}.Release|ARM64.ActiveCfg = Release|Any CPU
		{109827EC-9271-403D-B69A-1A50E4995F6C}.Release|ARM64.Build.0 = Release|Any CPU
		{109827EC-9271-403D-B69A-1A50E4995F6C}.Release|x64.ActiveCfg = Release|Any CPU
		{109827EC-9271-403D-B69A-1A50E4995F6C}.Release|x64.Build.0 = Release|Any CPU
		{109827EC-9271-403D-B69A-1A50E4995F6C}.Release|x86.ActiveCfg = Release|Any CPU
		{109827EC-9271-403D-B69A-1A50E4995F6C}.Release|x86.Build.0 = Release|Any CPU
		{674BF9B5-389E-43D1-8013-D5E04292E010}.Debug|Any CPU.ActiveCfg = Debug|Any CPU
		{674BF9B5-389E-43D1-8013-D5E04292E010}.Debug|Any CPU.Build.0 = Debug|Any CPU
		{674BF9B5-389E-43D1-8013-D5E04292E010}.Debug|ARM.ActiveCfg = Debug|Any CPU
		{674BF9B5-389E-43D1-8013-D5E04292E010}.Debug|ARM.Build.0 = Debug|Any CPU
		{674BF9B5-389E-43D1-8013-D5E04292E010}.Debug|ARM64.ActiveCfg = Debug|Any CPU
		{674BF9B5-389E-43D1-8013-D5E04292E010}.Debug|ARM64.Build.0 = Debug|Any CPU
		{674BF9B5-389E-43D1-8013-D5E04292E010}.Debug|x64.ActiveCfg = Debug|Any CPU
		{674BF9B5-389E-43D1-8013-D5E04292E010}.Debug|x64.Build.0 = Debug|Any CPU
		{674BF9B5-389E-43D1-8013-D5E04292E010}.Debug|x86.ActiveCfg = Debug|Any CPU
		{674BF9B5-389E-43D1-8013-D5E04292E010}.Debug|x86.Build.0 = Debug|Any CPU
		{674BF9B5-389E-43D1-8013-D5E04292E010}.Release|Any CPU.ActiveCfg = Release|Any CPU
		{674BF9B5-389E-43D1-8013-D5E04292E010}.Release|Any CPU.Build.0 = Release|Any CPU
		{674BF9B5-389E-43D1-8013-D5E04292E010}.Release|ARM.ActiveCfg = Release|Any CPU
		{674BF9B5-389E-43D1-8013-D5E04292E010}.Release|ARM.Build.0 = Release|Any CPU
		{674BF9B5-389E-43D1-8013-D5E04292E010}.Release|ARM64.ActiveCfg = Release|Any CPU
		{674BF9B5-389E-43D1-8013-D5E04292E010}.Release|ARM64.Build.0 = Release|Any CPU
		{674BF9B5-389E-43D1-8013-D5E04292E010}.Release|x64.ActiveCfg = Release|Any CPU
		{674BF9B5-389E-43D1-8013-D5E04292E010}.Release|x64.Build.0 = Release|Any CPU
		{674BF9B5-389E-43D1-8013-D5E04292E010}.Release|x86.ActiveCfg = Release|Any CPU
		{674BF9B5-389E-43D1-8013-D5E04292E010}.Release|x86.Build.0 = Release|Any CPU
		{28D0CCD9-17C9-4320-A201-BE09FF7FA1FF}.Debug|Any CPU.ActiveCfg = Debug|Any CPU
		{28D0CCD9-17C9-4320-A201-BE09FF7FA1FF}.Debug|Any CPU.Build.0 = Debug|Any CPU
		{28D0CCD9-17C9-4320-A201-BE09FF7FA1FF}.Debug|ARM.ActiveCfg = Debug|Any CPU
		{28D0CCD9-17C9-4320-A201-BE09FF7FA1FF}.Debug|ARM.Build.0 = Debug|Any CPU
		{28D0CCD9-17C9-4320-A201-BE09FF7FA1FF}.Debug|ARM64.ActiveCfg = Debug|Any CPU
		{28D0CCD9-17C9-4320-A201-BE09FF7FA1FF}.Debug|ARM64.Build.0 = Debug|Any CPU
		{28D0CCD9-17C9-4320-A201-BE09FF7FA1FF}.Debug|x64.ActiveCfg = Debug|Any CPU
		{28D0CCD9-17C9-4320-A201-BE09FF7FA1FF}.Debug|x64.Build.0 = Debug|Any CPU
		{28D0CCD9-17C9-4320-A201-BE09FF7FA1FF}.Debug|x86.ActiveCfg = Debug|Any CPU
		{28D0CCD9-17C9-4320-A201-BE09FF7FA1FF}.Debug|x86.Build.0 = Debug|Any CPU
		{28D0CCD9-17C9-4320-A201-BE09FF7FA1FF}.Release|Any CPU.ActiveCfg = Release|Any CPU
		{28D0CCD9-17C9-4320-A201-BE09FF7FA1FF}.Release|Any CPU.Build.0 = Release|Any CPU
		{28D0CCD9-17C9-4320-A201-BE09FF7FA1FF}.Release|ARM.ActiveCfg = Release|Any CPU
		{28D0CCD9-17C9-4320-A201-BE09FF7FA1FF}.Release|ARM.Build.0 = Release|Any CPU
		{28D0CCD9-17C9-4320-A201-BE09FF7FA1FF}.Release|ARM64.ActiveCfg = Release|Any CPU
		{28D0CCD9-17C9-4320-A201-BE09FF7FA1FF}.Release|ARM64.Build.0 = Release|Any CPU
		{28D0CCD9-17C9-4320-A201-BE09FF7FA1FF}.Release|x64.ActiveCfg = Release|Any CPU
		{28D0CCD9-17C9-4320-A201-BE09FF7FA1FF}.Release|x64.Build.0 = Release|Any CPU
		{28D0CCD9-17C9-4320-A201-BE09FF7FA1FF}.Release|x86.ActiveCfg = Release|Any CPU
		{28D0CCD9-17C9-4320-A201-BE09FF7FA1FF}.Release|x86.Build.0 = Release|Any CPU
		{42E5ADFA-9053-4B74-8389-C27B02D86F75}.Debug|Any CPU.ActiveCfg = Debug|Any CPU
		{42E5ADFA-9053-4B74-8389-C27B02D86F75}.Debug|Any CPU.Build.0 = Debug|Any CPU
		{42E5ADFA-9053-4B74-8389-C27B02D86F75}.Debug|ARM.ActiveCfg = Debug|Any CPU
		{42E5ADFA-9053-4B74-8389-C27B02D86F75}.Debug|ARM.Build.0 = Debug|Any CPU
		{42E5ADFA-9053-4B74-8389-C27B02D86F75}.Debug|ARM64.ActiveCfg = Debug|Any CPU
		{42E5ADFA-9053-4B74-8389-C27B02D86F75}.Debug|ARM64.Build.0 = Debug|Any CPU
		{42E5ADFA-9053-4B74-8389-C27B02D86F75}.Debug|x64.ActiveCfg = Debug|Any CPU
		{42E5ADFA-9053-4B74-8389-C27B02D86F75}.Debug|x64.Build.0 = Debug|Any CPU
		{42E5ADFA-9053-4B74-8389-C27B02D86F75}.Debug|x86.ActiveCfg = Debug|Any CPU
		{42E5ADFA-9053-4B74-8389-C27B02D86F75}.Debug|x86.Build.0 = Debug|Any CPU
		{42E5ADFA-9053-4B74-8389-C27B02D86F75}.Release|Any CPU.ActiveCfg = Release|Any CPU
		{42E5ADFA-9053-4B74-8389-C27B02D86F75}.Release|Any CPU.Build.0 = Release|Any CPU
		{42E5ADFA-9053-4B74-8389-C27B02D86F75}.Release|ARM.ActiveCfg = Release|Any CPU
		{42E5ADFA-9053-4B74-8389-C27B02D86F75}.Release|ARM.Build.0 = Release|Any CPU
		{42E5ADFA-9053-4B74-8389-C27B02D86F75}.Release|ARM64.ActiveCfg = Release|Any CPU
		{42E5ADFA-9053-4B74-8389-C27B02D86F75}.Release|ARM64.Build.0 = Release|Any CPU
		{42E5ADFA-9053-4B74-8389-C27B02D86F75}.Release|x64.ActiveCfg = Release|Any CPU
		{42E5ADFA-9053-4B74-8389-C27B02D86F75}.Release|x64.Build.0 = Release|Any CPU
		{42E5ADFA-9053-4B74-8389-C27B02D86F75}.Release|x86.ActiveCfg = Release|Any CPU
		{42E5ADFA-9053-4B74-8389-C27B02D86F75}.Release|x86.Build.0 = Release|Any CPU
		{891098C2-8832-4386-A6F6-319A5FD3C913}.Debug|Any CPU.ActiveCfg = Debug|Any CPU
		{891098C2-8832-4386-A6F6-319A5FD3C913}.Debug|Any CPU.Build.0 = Debug|Any CPU
		{891098C2-8832-4386-A6F6-319A5FD3C913}.Debug|ARM.ActiveCfg = Debug|Any CPU
		{891098C2-8832-4386-A6F6-319A5FD3C913}.Debug|ARM.Build.0 = Debug|Any CPU
		{891098C2-8832-4386-A6F6-319A5FD3C913}.Debug|ARM64.ActiveCfg = Debug|Any CPU
		{891098C2-8832-4386-A6F6-319A5FD3C913}.Debug|ARM64.Build.0 = Debug|Any CPU
		{891098C2-8832-4386-A6F6-319A5FD3C913}.Debug|x64.ActiveCfg = Debug|Any CPU
		{891098C2-8832-4386-A6F6-319A5FD3C913}.Debug|x64.Build.0 = Debug|Any CPU
		{891098C2-8832-4386-A6F6-319A5FD3C913}.Debug|x86.ActiveCfg = Debug|Any CPU
		{891098C2-8832-4386-A6F6-319A5FD3C913}.Debug|x86.Build.0 = Debug|Any CPU
		{891098C2-8832-4386-A6F6-319A5FD3C913}.Release|Any CPU.ActiveCfg = Release|Any CPU
		{891098C2-8832-4386-A6F6-319A5FD3C913}.Release|Any CPU.Build.0 = Release|Any CPU
		{891098C2-8832-4386-A6F6-319A5FD3C913}.Release|ARM.ActiveCfg = Release|Any CPU
		{891098C2-8832-4386-A6F6-319A5FD3C913}.Release|ARM.Build.0 = Release|Any CPU
		{891098C2-8832-4386-A6F6-319A5FD3C913}.Release|ARM64.ActiveCfg = Release|Any CPU
		{891098C2-8832-4386-A6F6-319A5FD3C913}.Release|ARM64.Build.0 = Release|Any CPU
		{891098C2-8832-4386-A6F6-319A5FD3C913}.Release|x64.ActiveCfg = Release|Any CPU
		{891098C2-8832-4386-A6F6-319A5FD3C913}.Release|x64.Build.0 = Release|Any CPU
		{891098C2-8832-4386-A6F6-319A5FD3C913}.Release|x86.ActiveCfg = Release|Any CPU
		{891098C2-8832-4386-A6F6-319A5FD3C913}.Release|x86.Build.0 = Release|Any CPU
	EndGlobalSection
	GlobalSection(SolutionProperties) = preSolution
		HideSolutionNode = FALSE
	EndGlobalSection
	GlobalSection(NestedProjects) = preSolution
		{9226E575-2E9D-4388-A091-1FAA48587A40} = {1B2D09B6-557E-4518-83F4-47806D6CD13F}
		{109827EC-9271-403D-B69A-1A50E4995F6C} = {1B2D09B6-557E-4518-83F4-47806D6CD13F}
		{674BF9B5-389E-43D1-8013-D5E04292E010} = {1B2D09B6-557E-4518-83F4-47806D6CD13F}
		{28D0CCD9-17C9-4320-A201-BE09FF7FA1FF} = {1B2D09B6-557E-4518-83F4-47806D6CD13F}
		{42E5ADFA-9053-4B74-8389-C27B02D86F75} = {1B2D09B6-557E-4518-83F4-47806D6CD13F}
		{891098C2-8832-4386-A6F6-319A5FD3C913} = {1B2D09B6-557E-4518-83F4-47806D6CD13F}
	EndGlobalSection
	GlobalSection(ExtensibilityGlobals) = postSolution
		SolutionGuid = {2F72C6EA-0916-4B09-8B41-9EC1DA5A786D}
	EndGlobalSection
EndGlobal
